
Microsoft Visual Studio Solution File, Format Version 12.00
# Visual Studio Version 17
VisualStudioVersion = 17.4.33122.133
MinimumVisualStudioVersion = 10.0.40219.1
Project("{9A19103F-16F7-4668-BE54-9A1E7A4F7556}") = "BeersApi", "BeersApi\BeersApi.csproj", "{82A308D2-D9CD-4F97-8EDD-523FE12A0ABC}"
EndProject
Project("{9A19103F-16F7-4668-BE54-9A1E7A4F7556}") = "BeersApi.UnitTest", "BeersApi.UnitTest\BeersApi.UnitTest.csproj", "{B9314DCC-A825-475E-BDD6-ADC2419B6B34}"
EndProject
Project("{9A19103F-16F7-4668-BE54-9A1E7A4F7556}") = "BeersApi.IntegrationTest", "BeersApi.IntegrationTest\BeersApi.IntegrationTest.csproj", "{7732494B-F497-432F-8AF2-BCAD6700E4B7}"
EndProject
Global
	GlobalSection(SolutionConfigurationPlatforms) = preSolution
		Debug|Any CPU = Debug|Any CPU
		Release|Any CPU = Release|Any CPU
	EndGlobalSection
	GlobalSection(ProjectConfigurationPlatforms) = postSolution
		{82A308D2-D9CD-4F97-8EDD-523FE12A0ABC}.Debug|Any CPU.ActiveCfg = Debug|Any CPU
		{82A308D2-D9CD-4F97-8EDD-523FE12A0ABC}.Debug|Any CPU.Build.0 = Debug|Any CPU
		{82A308D2-D9CD-4F97-8EDD-523FE12A0ABC}.Release|Any CPU.ActiveCfg = Release|Any CPU
		{82A308D2-D9CD-4F97-8EDD-523FE12A0ABC}.Release|Any CPU.Build.0 = Release|Any CPU
		{B9314DCC-A825-475E-BDD6-ADC2419B6B34}.Debug|Any CPU.ActiveCfg = Debug|Any CPU
		{B9314DCC-A825-475E-BDD6-ADC2419B6B34}.Debug|Any CPU.Build.0 = Debug|Any CPU
		{B9314DCC-A825-475E-BDD6-ADC2419B6B34}.Release|Any CPU.ActiveCfg = Release|Any CPU
		{B9314DCC-A825-475E-BDD6-ADC2419B6B34}.Release|Any CPU.Build.0 = Release|Any CPU
		{7732494B-F497-432F-8AF2-BCAD6700E4B7}.Debug|Any CPU.ActiveCfg = Debug|Any CPU
		{7732494B-F497-432F-8AF2-BCAD6700E4B7}.Debug|Any CPU.Build.0 = Debug|Any CPU
		{7732494B-F497-432F-8AF2-BCAD6700E4B7}.Release|Any CPU.ActiveCfg = Release|Any CPU
		{7732494B-F497-432F-8AF2-BCAD6700E4B7}.Release|Any CPU.Build.0 = Release|Any CPU
	EndGlobalSection
	GlobalSection(SolutionProperties) = preSolution
		HideSolutionNode = FALSE
	EndGlobalSection
	GlobalSection(ExtensibilityGlobals) = postSolution
		SolutionGuid = {FE55DF39-1116-4083-AF9B-93FFE70430A4}
	EndGlobalSection
EndGlobal
